
Microsoft Visual Studio Solution File, Format Version 12.00
# Visual Studio Version 16
VisualStudioVersion = 16.0.29403.142
MinimumVisualStudioVersion = 10.0.40219.1
Project("{8BC9CEB8-8B4A-11D0-8D11-00A0C91BC942}") = "Client", "ChatClient\ChatClient.vcxproj", "{B37A0157-8AF2-4B48-A531-483712F1ED31}"
EndProject
Project("{8BC9CEB8-8B4A-11D0-8D11-00A0C91BC942}") = "Server", "ChatServer\ChatServer.vcxproj", "{E9AF104F-0DD7-48F9-B70D-54B48046CA51}"
EndProject
Project("{8BC9CEB8-8B4A-11D0-8D11-00A0C91BC942}") = "Authentication", "Authentication\Authentication.vcxproj", "{5F8B451F-2FB9-49CD-8BAF-EFAADEB0C18F}"
EndProject
Global
	GlobalSection(SolutionConfigurationPlatforms) = preSolution
		Debug|x64 = Debug|x64
		Debug|x86 = Debug|x86
		Release|x64 = Release|x64
		Release|x86 = Release|x86
	EndGlobalSection
	GlobalSection(ProjectConfigurationPlatforms) = postSolution
		{B37A0157-8AF2-4B48-A531-483712F1ED31}.Debug|x64.ActiveCfg = Debug|x64
		{B37A0157-8AF2-4B48-A531-483712F1ED31}.Debug|x64.Build.0 = Debug|x64
		{B37A0157-8AF2-4B48-A531-483712F1ED31}.Debug|x86.ActiveCfg = Debug|Win32
		{B37A0157-8AF2-4B48-A531-483712F1ED31}.Debug|x86.Build.0 = Debug|Win32
		{B37A0157-8AF2-4B48-A531-483712F1ED31}.Release|x64.ActiveCfg = Release|x64
		{B37A0157-8AF2-4B48-A531-483712F1ED31}.Release|x64.Build.0 = Release|x64
		{B37A0157-8AF2-4B48-A531-483712F1ED31}.Release|x86.ActiveCfg = Release|Win32
		{B37A0157-8AF2-4B48-A531-483712F1ED31}.Release|x86.Build.0 = Release|Win32
		{E9AF104F-0DD7-48F9-B70D-54B48046CA51}.Debug|x64.ActiveCfg = Debug|x64
		{E9AF104F-0DD7-48F9-B70D-54B48046CA51}.Debug|x64.Build.0 = Debug|x64
		{E9AF104F-0DD7-48F9-B70D-54B48046CA51}.Debug|x86.ActiveCfg = Debug|Win32
		{E9AF104F-0DD7-48F9-B70D-54B48046CA51}.Debug|x86.Build.0 = Debug|Win32
		{E9AF104F-0DD7-48F9-B70D-54B48046CA51}.Release|x64.ActiveCfg = Release|x64
		{E9AF104F-0DD7-48F9-B70D-54B48046CA51}.Release|x64.Build.0 = Release|x64
		{E9AF104F-0DD7-48F9-B70D-54B48046CA51}.Release|x86.ActiveCfg = Release|Win32
		{E9AF104F-0DD7-48F9-B70D-54B48046CA51}.Release|x86.Build.0 = Release|Win32
		{5F8B451F-2FB9-49CD-8BAF-EFAADEB0C18F}.Debug|x64.ActiveCfg = Debug|x64
		{5F8B451F-2FB9-49CD-8BAF-EFAADEB0C18F}.Debug|x64.Build.0 = Debug|x64
		{5F8B451F-2FB9-49CD-8BAF-EFAADEB0C18F}.Debug|x86.ActiveCfg = Debug|Win32
		{5F8B451F-2FB9-49CD-8BAF-EFAADEB0C18F}.Debug|x86.Build.0 = Debug|Win32
		{5F8B451F-2FB9-49CD-8BAF-EFAADEB0C18F}.Release|x64.ActiveCfg = Release|x64
		{5F8B451F-2FB9-49CD-8BAF-EFAADEB0C18F}.Release|x64.Build.0 = Release|x64
		{5F8B451F-2FB9-49CD-8BAF-EFAADEB0C18F}.Release|x86.ActiveCfg = Release|Win32
		{5F8B451F-2FB9-49CD-8BAF-EFAADEB0C18F}.Release|x86.Build.0 = Release|Win32
	EndGlobalSection
	GlobalSection(SolutionProperties) = preSolution
		HideSolutionNode = FALSE
	EndGlobalSection
	GlobalSection(ExtensibilityGlobals) = postSolution
		SolutionGuid = {4FCF543D-1922-4063-AA5C-779FDC4B91F5}
	EndGlobalSection
EndGlobal
